{
  "name": "tests",
  "version": "1.0.0",
  "lockfileVersion": 3,
  "requires": true,
  "packages": {
    "": {
      "name": "tests",
      "version": "1.0.0",
      "license": "ISC",
      "dependencies": {
        "avn-api": "^5.7.0",
        "chai": "^4.3.4"
      }
    },
    "node_modules/@babel/runtime": {
      "version": "7.28.4",
      "resolved": "https://registry.npmjs.org/@babel/runtime/-/runtime-7.28.4.tgz",
      "integrity": "sha512-Q/N6JNWvIvPnLDvjlE1OUBLPQHH6l3CltCEsHIujp45zQUSSh8K+gHnaEX45yAT1nyngnINhvWtzN+Nb9D8RAQ==",
      "engines": {
        "node": ">=6.9.0"
      }
    },
    "node_modules/@noble/hashes": {
      "version": "1.2.0",
      "resolved": "https://registry.npmjs.org/@noble/hashes/-/hashes-1.2.0.tgz",
      "integrity": "sha512-FZfhjEDbT5GRswV3C6uvLPHMiVD6lQBmpoX5+eSiPaMTXte/IKqI5dykDxzZB/WBeK/CDuQRBWarPdi3FNY2zQ==",
      "funding": [
        {
          "type": "individual",
          "url": "https://paulmillr.com/funding/"
        }
      ]
    },
    "node_modules/@noble/secp256k1": {
      "version": "1.7.1",
      "resolved": "https://registry.npmjs.org/@noble/secp256k1/-/secp256k1-1.7.1.tgz",
      "integrity": "sha512-hOUk6AyBFmqVrv7k5WAw/LpszxVbj9gGN4JRkIX52fdFAj1UA61KXmZDvqVEm+pOyec3+fIeZB02LYa/pWOArw==",
      "funding": [
        {
          "type": "individual",
          "url": "https://paulmillr.com/funding/"
        }
      ]
    },
    "node_modules/@polkadot/keyring": {
      "version": "10.4.2",
      "resolved": "https://registry.npmjs.org/@polkadot/keyring/-/keyring-10.4.2.tgz",
      "integrity": "sha512-7iHhJuXaHrRTG6cJDbZE9G+c1ts1dujp0qbO4RfAPmT7YUvphHvAtCKueN9UKPz5+TYDL+rP/jDEaSKU8jl/qQ==",
      "dependencies": {
        "@babel/runtime": "^7.20.13",
        "@polkadot/util": "10.4.2",
        "@polkadot/util-crypto": "10.4.2"
      },
      "engines": {
        "node": ">=14.0.0"
      },
      "peerDependencies": {
        "@polkadot/util": "10.4.2",
        "@polkadot/util-crypto": "10.4.2"
      }
    },
    "node_modules/@polkadot/networks": {
      "version": "10.4.2",
      "resolved": "https://registry.npmjs.org/@polkadot/networks/-/networks-10.4.2.tgz",
      "integrity": "sha512-FAh/znrEvWBiA/LbcT5GXHsCFUl//y9KqxLghSr/CreAmAergiJNT0MVUezC7Y36nkATgmsr4ylFwIxhVtuuCw==",
      "dependencies": {
        "@babel/runtime": "^7.20.13",
        "@polkadot/util": "10.4.2",
        "@substrate/ss58-registry": "^1.38.0"
      },
      "engines": {
        "node": ">=14.0.0"
      }
    },
    "node_modules/@polkadot/types": {
      "version": "9.14.2",
      "resolved": "https://registry.npmjs.org/@polkadot/types/-/types-9.14.2.tgz",
      "integrity": "sha512-hGLddTiJbvowhhUZJ3k+olmmBc1KAjWIQxujIUIYASih8FQ3/YJDKxaofGOzh0VygOKW3jxQBN2VZPofyDP9KQ==",
      "dependencies": {
        "@babel/runtime": "^7.20.13",
        "@polkadot/keyring": "^10.4.2",
        "@polkadot/types-augment": "9.14.2",
        "@polkadot/types-codec": "9.14.2",
        "@polkadot/types-create": "9.14.2",
        "@polkadot/util": "^10.4.2",
        "@polkadot/util-crypto": "^10.4.2",
        "rxjs": "^7.8.0"
      },
      "engines": {
        "node": ">=14.0.0"
      }
    },
    "node_modules/@polkadot/types-augment": {
      "version": "9.14.2",
      "resolved": "https://registry.npmjs.org/@polkadot/types-augment/-/types-augment-9.14.2.tgz",
      "integrity": "sha512-WO9d7RJufUeY3iFgt2Wz762kOu1tjEiGBR5TT4AHtpEchVHUeosVTrN9eycC+BhleqYu52CocKz6u3qCT/jKLg==",
      "dependencies": {
        "@babel/runtime": "^7.20.13",
        "@polkadot/types": "9.14.2",
        "@polkadot/types-codec": "9.14.2",
        "@polkadot/util": "^10.4.2"
      },
      "engines": {
        "node": ">=14.0.0"
      }
    },
    "node_modules/@polkadot/types-codec": {
      "version": "9.14.2",
      "resolved": "https://registry.npmjs.org/@polkadot/types-codec/-/types-codec-9.14.2.tgz",
      "integrity": "sha512-AJ4XF7W1no4PENLBRU955V6gDxJw0h++EN3YoDgThozZ0sj3OxyFupKgNBZcZb2V23H8JxQozzIad8k+nJbO1w==",
      "dependencies": {
        "@babel/runtime": "^7.20.13",
        "@polkadot/util": "^10.4.2",
        "@polkadot/x-bigint": "^10.4.2"
      },
      "engines": {
        "node": ">=14.0.0"
      }
    },
    "node_modules/@polkadot/types-create": {
      "version": "9.14.2",
      "resolved": "https://registry.npmjs.org/@polkadot/types-create/-/types-create-9.14.2.tgz",
      "integrity": "sha512-nSnKpBierlmGBQT8r6/SHf6uamBIzk4WmdMsAsR4uJKJF1PtbIqx2W5PY91xWSiMSNMzjkbCppHkwaDAMwLGaw==",
      "dependencies": {
        "@babel/runtime": "^7.20.13",
        "@polkadot/types-codec": "9.14.2",
        "@polkadot/util": "^10.4.2"
      },
      "engines": {
        "node": ">=14.0.0"
      }
    },
    "node_modules/@polkadot/util": {
      "version": "10.4.2",
      "resolved": "https://registry.npmjs.org/@polkadot/util/-/util-10.4.2.tgz",
      "integrity": "sha512-0r5MGICYiaCdWnx+7Axlpvzisy/bi1wZGXgCSw5+ZTyPTOqvsYRqM2X879yxvMsGfibxzWqNzaiVjToz1jvUaA==",
      "dependencies": {
        "@babel/runtime": "^7.20.13",
        "@polkadot/x-bigint": "10.4.2",
        "@polkadot/x-global": "10.4.2",
        "@polkadot/x-textdecoder": "10.4.2",
        "@polkadot/x-textencoder": "10.4.2",
        "@types/bn.js": "^5.1.1",
        "bn.js": "^5.2.1"
      },
      "engines": {
        "node": ">=14.0.0"
      }
    },
    "node_modules/@polkadot/util-crypto": {
      "version": "10.4.2",
      "resolved": "https://registry.npmjs.org/@polkadot/util-crypto/-/util-crypto-10.4.2.tgz",
      "integrity": "sha512-RxZvF7C4+EF3fzQv8hZOLrYCBq5+wA+2LWv98nECkroChY3C2ZZvyWDqn8+aonNULt4dCVTWDZM0QIY6y4LUAQ==",
      "dependencies": {
        "@babel/runtime": "^7.20.13",
        "@noble/hashes": "1.2.0",
        "@noble/secp256k1": "1.7.1",
        "@polkadot/networks": "10.4.2",
        "@polkadot/util": "10.4.2",
        "@polkadot/wasm-crypto": "^6.4.1",
        "@polkadot/x-bigint": "10.4.2",
        "@polkadot/x-randomvalues": "10.4.2",
        "@scure/base": "1.1.1",
        "ed2curve": "^0.3.0",
        "tweetnacl": "^1.0.3"
      },
      "engines": {
        "node": ">=14.0.0"
      },
      "peerDependencies": {
        "@polkadot/util": "10.4.2"
      }
    },
    "node_modules/@polkadot/wasm-bridge": {
      "version": "6.4.1",
      "resolved": "https://registry.npmjs.org/@polkadot/wasm-bridge/-/wasm-bridge-6.4.1.tgz",
      "integrity": "sha512-QZDvz6dsUlbYsaMV5biZgZWkYH9BC5AfhT0f0/knv8+LrbAoQdP3Asbvddw8vyU9sbpuCHXrd4bDLBwUCRfrBQ==",
      "dependencies": {
        "@babel/runtime": "^7.20.6"
      },
      "engines": {
        "node": ">=14.0.0"
      },
      "peerDependencies": {
        "@polkadot/util": "*",
        "@polkadot/x-randomvalues": "*"
      }
    },
    "node_modules/@polkadot/wasm-crypto": {
      "version": "6.4.1",
      "resolved": "https://registry.npmjs.org/@polkadot/wasm-crypto/-/wasm-crypto-6.4.1.tgz",
      "integrity": "sha512-FH+dcDPdhSLJvwL0pMLtn/LIPd62QDPODZRCmDyw+pFjLOMaRBc7raomWUOqyRWJTnqVf/iscc2rLVLNMyt7ag==",
      "dependencies": {
        "@babel/runtime": "^7.20.6",
        "@polkadot/wasm-bridge": "6.4.1",
        "@polkadot/wasm-crypto-asmjs": "6.4.1",
        "@polkadot/wasm-crypto-init": "6.4.1",
        "@polkadot/wasm-crypto-wasm": "6.4.1",
        "@polkadot/wasm-util": "6.4.1"
      },
      "engines": {
        "node": ">=14.0.0"
      },
      "peerDependencies": {
        "@polkadot/util": "*",
        "@polkadot/x-randomvalues": "*"
      }
    },
    "node_modules/@polkadot/wasm-crypto-asmjs": {
      "version": "6.4.1",
      "resolved": "https://registry.npmjs.org/@polkadot/wasm-crypto-asmjs/-/wasm-crypto-asmjs-6.4.1.tgz",
      "integrity": "sha512-UxZTwuBZlnODGIQdCsE2Sn/jU0O2xrNQ/TkhRFELfkZXEXTNu4lw6NpaKq7Iey4L+wKd8h4lT3VPVkMcPBLOvA==",
      "dependencies": {
        "@babel/runtime": "^7.20.6"
      },
      "engines": {
        "node": ">=14.0.0"
      },
      "peerDependencies": {
        "@polkadot/util": "*"
      }
    },
    "node_modules/@polkadot/wasm-crypto-init": {
      "version": "6.4.1",
      "resolved": "https://registry.npmjs.org/@polkadot/wasm-crypto-init/-/wasm-crypto-init-6.4.1.tgz",
      "integrity": "sha512-1ALagSi/nfkyFaH6JDYfy/QbicVbSn99K8PV9rctDUfxc7P06R7CoqbjGQ4OMPX6w1WYVPU7B4jPHGLYBlVuMw==",
      "dependencies": {
        "@babel/runtime": "^7.20.6",
        "@polkadot/wasm-bridge": "6.4.1",
        "@polkadot/wasm-crypto-asmjs": "6.4.1",
        "@polkadot/wasm-crypto-wasm": "6.4.1"
      },
      "engines": {
        "node": ">=14.0.0"
      },
      "peerDependencies": {
        "@polkadot/util": "*",
        "@polkadot/x-randomvalues": "*"
      }
    },
    "node_modules/@polkadot/wasm-crypto-wasm": {
      "version": "6.4.1",
      "resolved": "https://registry.npmjs.org/@polkadot/wasm-crypto-wasm/-/wasm-crypto-wasm-6.4.1.tgz",
      "integrity": "sha512-3VV9ZGzh0ZY3SmkkSw+0TRXxIpiO0nB8lFwlRgcwaCihwrvLfRnH9GI8WE12mKsHVjWTEVR3ogzILJxccAUjDA==",
      "dependencies": {
        "@babel/runtime": "^7.20.6",
        "@polkadot/wasm-util": "6.4.1"
      },
      "engines": {
        "node": ">=14.0.0"
      },
      "peerDependencies": {
        "@polkadot/util": "*"
      }
    },
    "node_modules/@polkadot/wasm-util": {
      "version": "6.4.1",
      "resolved": "https://registry.npmjs.org/@polkadot/wasm-util/-/wasm-util-6.4.1.tgz",
      "integrity": "sha512-Uwo+WpEsDmFExWC5kTNvsVhvqXMZEKf4gUHXFn4c6Xz4lmieRT5g+1bO1KJ21pl4msuIgdV3Bksfs/oiqMFqlw==",
      "dependencies": {
        "@babel/runtime": "^7.20.6"
      },
      "engines": {
        "node": ">=14.0.0"
      },
      "peerDependencies": {
        "@polkadot/util": "*"
      }
    },
    "node_modules/@polkadot/x-bigint": {
      "version": "10.4.2",
      "resolved": "https://registry.npmjs.org/@polkadot/x-bigint/-/x-bigint-10.4.2.tgz",
      "integrity": "sha512-awRiox+/XSReLzimAU94fPldowiwnnMUkQJe8AebYhNocAj6SJU00GNoj6j6tAho6yleOwrTJXZaWFBaQVJQNg==",
      "dependencies": {
        "@babel/runtime": "^7.20.13",
        "@polkadot/x-global": "10.4.2"
      },
      "engines": {
        "node": ">=14.0.0"
      }
    },
    "node_modules/@polkadot/x-global": {
      "version": "10.4.2",
      "resolved": "https://registry.npmjs.org/@polkadot/x-global/-/x-global-10.4.2.tgz",
      "integrity": "sha512-g6GXHD/ykZvHap3M6wh19dO70Zm43l4jEhlxf5LtTo5/0/UporFCXr2YJYZqfbn9JbQwl1AU+NroYio+vtJdiA==",
      "dependencies": {
        "@babel/runtime": "^7.20.13"
      },
      "engines": {
        "node": ">=14.0.0"
      }
    },
    "node_modules/@polkadot/x-randomvalues": {
      "version": "10.4.2",
      "resolved": "https://registry.npmjs.org/@polkadot/x-randomvalues/-/x-randomvalues-10.4.2.tgz",
      "integrity": "sha512-mf1Wbpe7pRZHO0V3V89isPLqZOy5XGX2bCqsfUWHgb1NvV1MMx5TjVjdaYyNlGTiOkAmJKlOHshcfPU2sYWpNg==",
      "dependencies": {
        "@babel/runtime": "^7.20.13",
        "@polkadot/x-global": "10.4.2"
      },
      "engines": {
        "node": ">=14.0.0"
      }
    },
    "node_modules/@polkadot/x-textdecoder": {
      "version": "10.4.2",
      "resolved": "https://registry.npmjs.org/@polkadot/x-textdecoder/-/x-textdecoder-10.4.2.tgz",
      "integrity": "sha512-d3ADduOKUTU+cliz839+KCFmi23pxTlabH7qh7Vs1GZQvXOELWdqFOqakdiAjtMn68n1KVF4O14Y+OUm7gp/zA==",
      "dependencies": {
        "@babel/runtime": "^7.20.13",
        "@polkadot/x-global": "10.4.2"
      },
      "engines": {
        "node": ">=14.0.0"
      }
    },
    "node_modules/@polkadot/x-textencoder": {
      "version": "10.4.2",
      "resolved": "https://registry.npmjs.org/@polkadot/x-textencoder/-/x-textencoder-10.4.2.tgz",
      "integrity": "sha512-mxcQuA1exnyv74Kasl5vxBq01QwckG088lYjc3KwmND6+pPrW2OWagbxFX5VFoDLDAE+UJtnUHsjdWyOTDhpQA==",
      "dependencies": {
        "@babel/runtime": "^7.20.13",
        "@polkadot/x-global": "10.4.2"
      },
      "engines": {
        "node": ">=14.0.0"
      }
    },
    "node_modules/@scure/base": {
      "version": "1.1.1",
      "resolved": "https://registry.npmjs.org/@scure/base/-/base-1.1.1.tgz",
      "integrity": "sha512-ZxOhsSyxYwLJj3pLZCefNitxsj093tb2vq90mp2txoYeBqbcjDjqFhyM8eUjq/uFm6zJ+mUuqxlS2FkuSY1MTA==",
      "funding": [
        {
          "type": "individual",
          "url": "https://paulmillr.com/funding/"
        }
      ]
    },
    "node_modules/@substrate/ss58-registry": {
      "version": "1.51.0",
      "resolved": "https://registry.npmjs.org/@substrate/ss58-registry/-/ss58-registry-1.51.0.tgz",
      "integrity": "sha512-TWDurLiPxndFgKjVavCniytBIw+t4ViOi7TYp9h/D0NMmkEc9klFTo+827eyEJ0lELpqO207Ey7uGxUa+BS1jQ=="
    },
    "node_modules/@types/bn.js": {
      "version": "5.2.0",
      "resolved": "https://registry.npmjs.org/@types/bn.js/-/bn.js-5.2.0.tgz",
      "integrity": "sha512-DLbJ1BPqxvQhIGbeu8VbUC1DiAiahHtAYvA0ZEAa4P31F7IaArc8z3C3BRQdWX4mtLQuABG4yzp76ZrS02Ui1Q==",
      "dependencies": {
        "@types/node": "*"
      }
    },
    "node_modules/@types/node": {
      "version": "24.10.1",
      "resolved": "https://registry.npmjs.org/@types/node/-/node-24.10.1.tgz",
      "integrity": "sha512-GNWcUTRBgIRJD5zj+Tq0fKOJ5XZajIiBroOF0yvj2bSU1WvNdYS/dn9UxwsujGW4JX06dnHyjV2y9rRaybH0iQ==",
      "dependencies": {
        "undici-types": "~7.16.0"
      }
    },
    "node_modules/assertion-error": {
      "version": "1.1.0",
      "resolved": "https://registry.npmjs.org/assertion-error/-/assertion-error-1.1.0.tgz",
      "integrity": "sha512-jgsaNduz+ndvGyFt3uSuWqvy4lCnIJiovtouQN5JZHOKCS2QuhEdbcQHFhVksz2N2U9hXJo8odG7ETyWlEeuDw==",
      "engines": {
        "node": "*"
      }
    },
    "node_modules/asynckit": {
      "version": "0.4.0",
      "resolved": "https://registry.npmjs.org/asynckit/-/asynckit-0.4.0.tgz",
      "integrity": "sha512-Oei9OH4tRh0YqU3GxhX79dM/mwVgvbZJaSNaRk+bshkj0S5cfHcgYakreBjrHwatXKbz+IoIdYLxrKim2MjW0Q=="
    },
    "node_modules/avn-api": {
      "version": "5.7.0",
      "resolved": "https://registry.npmjs.org/avn-api/-/avn-api-5.7.0.tgz",
      "integrity": "sha512-vQxHBdIgLGO6xfecrbptqWEPHd3q2+7rkCl0SoS33BW4maqjwFQZ+sX8Tv77udsPTBgicTYTCS5///0nm8d9gw==",
      "dependencies": {
        "@polkadot/keyring": "10.4.2",
        "@polkadot/types": "9.14.2",
        "axios": "^0.27.2",
        "bn.js": "^5.2.1",
        "crypto-js": "4.2.0",
        "loglevel": "1.8.1",
        "prettier": "^2.5.1",
        "uuid": "^8.3.2"
      }
    },
    "node_modules/axios": {
      "version": "0.27.2",
      "resolved": "https://registry.npmjs.org/axios/-/axios-0.27.2.tgz",
      "integrity": "sha512-t+yRIyySRTp/wua5xEr+z1q60QmLq8ABsS5O9Me1AsE5dfKqgnCFzwiCZZ/cGNd1lq4/7akDWMxdhVlucjmnOQ==",
      "dependencies": {
        "follow-redirects": "^1.14.9",
        "form-data": "^4.0.0"
      }
    },
    "node_modules/bn.js": {
      "version": "5.2.2",
      "resolved": "https://registry.npmjs.org/bn.js/-/bn.js-5.2.2.tgz",
      "integrity": "sha512-v2YAxEmKaBLahNwE1mjp4WON6huMNeuDvagFZW+ASCuA/ku0bXR9hSMw0XpiqMoA3+rmnyck/tPRSFQkoC9Cuw=="
    },
    "node_modules/call-bind-apply-helpers": {
      "version": "1.0.2",
      "resolved": "https://registry.npmjs.org/call-bind-apply-helpers/-/call-bind-apply-helpers-1.0.2.tgz",
      "integrity": "sha512-Sp1ablJ0ivDkSzjcaJdxEunN5/XvksFJ2sMBFfq6x0ryhQV/2b/KwFe21cMpmHtPOSij8K99/wSfoEuTObmuMQ==",
      "dependencies": {
        "es-errors": "^1.3.0",
        "function-bind": "^1.1.2"
      },
      "engines": {
        "node": ">= 0.4"
      }
    },
    "node_modules/chai": {
      "version": "4.5.0",
      "resolved": "https://registry.npmjs.org/chai/-/chai-4.5.0.tgz",
      "integrity": "sha512-RITGBfijLkBddZvnn8jdqoTypxvqbOLYQkGGxXzeFjVHvudaPw0HNFD9x928/eUwYWd2dPCugVqspGALTZZQKw==",
      "dependencies": {
        "assertion-error": "^1.1.0",
        "check-error": "^1.0.3",
        "deep-eql": "^4.1.3",
        "get-func-name": "^2.0.2",
        "loupe": "^2.3.6",
        "pathval": "^1.1.1",
        "type-detect": "^4.1.0"
      },
      "engines": {
        "node": ">=4"
      }
    },
    "node_modules/check-error": {
      "version": "1.0.3",
      "resolved": "https://registry.npmjs.org/check-error/-/check-error-1.0.3.tgz",
      "integrity": "sha512-iKEoDYaRmd1mxM90a2OEfWhjsjPpYPuQ+lMYsoxB126+t8fw7ySEO48nmDg5COTjxDI65/Y2OWpeEHk3ZOe8zg==",
      "dependencies": {
        "get-func-name": "^2.0.2"
      },
      "engines": {
        "node": "*"
      }
    },
    "node_modules/combined-stream": {
      "version": "1.0.8",
      "resolved": "https://registry.npmjs.org/combined-stream/-/combined-stream-1.0.8.tgz",
      "integrity": "sha512-FQN4MRfuJeHf7cBbBMJFXhKSDq+2kAArBlmRBvcvFE5BB1HZKXtSFASDhdlz9zOYwxh8lDdnvmMOe/+5cdoEdg==",
      "dependencies": {
        "delayed-stream": "~1.0.0"
      },
      "engines": {
        "node": ">= 0.8"
      }
    },
    "node_modules/crypto-js": {
      "version": "4.2.0",
      "resolved": "https://registry.npmjs.org/crypto-js/-/crypto-js-4.2.0.tgz",
      "integrity": "sha512-KALDyEYgpY+Rlob/iriUtjV6d5Eq+Y191A5g4UqLAi8CyGP9N1+FdVbkc1SxKc2r4YAYqG8JzO2KGL+AizD70Q=="
    },
    "node_modules/deep-eql": {
      "version": "4.1.4",
      "resolved": "https://registry.npmjs.org/deep-eql/-/deep-eql-4.1.4.tgz",
      "integrity": "sha512-SUwdGfqdKOwxCPeVYjwSyRpJ7Z+fhpwIAtmCUdZIWZ/YP5R9WAsyuSgpLVDi9bjWoN2LXHNss/dk3urXtdQxGg==",
      "dependencies": {
        "type-detect": "^4.0.0"
      },
      "engines": {
        "node": ">=6"
      }
    },
    "node_modules/delayed-stream": {
      "version": "1.0.0",
      "resolved": "https://registry.npmjs.org/delayed-stream/-/delayed-stream-1.0.0.tgz",
      "integrity": "sha512-ZySD7Nf91aLB0RxL4KGrKHBXl7Eds1DAmEdcoVawXnLD7SDhpNgtuII2aAkg7a7QS41jxPSZ17p4VdGnMHk3MQ==",
      "engines": {
        "node": ">=0.4.0"
      }
    },
    "node_modules/dunder-proto": {
      "version": "1.0.1",
      "resolved": "https://registry.npmjs.org/dunder-proto/-/dunder-proto-1.0.1.tgz",
      "integrity": "sha512-KIN/nDJBQRcXw0MLVhZE9iQHmG68qAVIBg9CqmUYjmQIhgij9U5MFvrqkUL5FbtyyzZuOeOt0zdeRe4UY7ct+A==",
      "dependencies": {
        "call-bind-apply-helpers": "^1.0.1",
        "es-errors": "^1.3.0",
        "gopd": "^1.2.0"
      },
      "engines": {
        "node": ">= 0.4"
      }
    },
    "node_modules/ed2curve": {
      "version": "0.3.0",
      "resolved": "https://registry.npmjs.org/ed2curve/-/ed2curve-0.3.0.tgz",
      "integrity": "sha512-8w2fmmq3hv9rCrcI7g9hms2pMunQr1JINfcjwR9tAyZqhtyaMN991lF/ZfHfr5tzZQ8c7y7aBgZbjfbd0fjFwQ==",
      "dependencies": {
        "tweetnacl": "1.x.x"
      }
    },
    "node_modules/es-define-property": {
      "version": "1.0.1",
      "resolved": "https://registry.npmjs.org/es-define-property/-/es-define-property-1.0.1.tgz",
      "integrity": "sha512-e3nRfgfUZ4rNGL232gUgX06QNyyez04KdjFrF+LTRoOXmrOgFKDg4BCdsjW8EnT69eqdYGmRpJwiPVYNrCaW3g==",
      "engines": {
        "node": ">= 0.4"
      }
    },
    "node_modules/es-errors": {
      "version": "1.3.0",
      "resolved": "https://registry.npmjs.org/es-errors/-/es-errors-1.3.0.tgz",
      "integrity": "sha512-Zf5H2Kxt2xjTvbJvP2ZWLEICxA6j+hAmMzIlypy4xcBg1vKVnx89Wy0GbS+kf5cwCVFFzdCFh2XSCFNULS6csw==",
      "engines": {
        "node": ">= 0.4"
      }
    },
    "node_modules/es-object-atoms": {
      "version": "1.1.1",
      "resolved": "https://registry.npmjs.org/es-object-atoms/-/es-object-atoms-1.1.1.tgz",
      "integrity": "sha512-FGgH2h8zKNim9ljj7dankFPcICIK9Cp5bm+c2gQSYePhpaG5+esrLODihIorn+Pe6FGJzWhXQotPv73jTaldXA==",
      "dependencies": {
        "es-errors": "^1.3.0"
      },
      "engines": {
        "node": ">= 0.4"
      }
    },
    "node_modules/es-set-tostringtag": {
      "version": "2.1.0",
      "resolved": "https://registry.npmjs.org/es-set-tostringtag/-/es-set-tostringtag-2.1.0.tgz",
      "integrity": "sha512-j6vWzfrGVfyXxge+O0x5sh6cvxAog0a/4Rdd2K36zCMV5eJ+/+tOAngRO8cODMNWbVRdVlmGZQL2YS3yR8bIUA==",
      "dependencies": {
        "es-errors": "^1.3.0",
        "get-intrinsic": "^1.2.6",
        "has-tostringtag": "^1.0.2",
        "hasown": "^2.0.2"
      },
      "engines": {
        "node": ">= 0.4"
      }
    },
    "node_modules/follow-redirects": {
      "version": "1.15.11",
      "resolved": "https://registry.npmjs.org/follow-redirects/-/follow-redirects-1.15.11.tgz",
      "integrity": "sha512-deG2P0JfjrTxl50XGCDyfI97ZGVCxIpfKYmfyrQ54n5FO/0gfIES8C/Psl6kWVDolizcaaxZJnTS0QSMxvnsBQ==",
      "funding": [
        {
          "type": "individual",
          "url": "https://github.com/sponsors/RubenVerborgh"
        }
      ],
      "engines": {
        "node": ">=4.0"
      },
      "peerDependenciesMeta": {
        "debug": {
          "optional": true
        }
      }
    },
    "node_modules/form-data": {
      "version": "4.0.4",
      "resolved": "https://registry.npmjs.org/form-data/-/form-data-4.0.4.tgz",
      "integrity": "sha512-KrGhL9Q4zjj0kiUt5OO4Mr/A/jlI2jDYs5eHBpYHPcBEVSiipAvn2Ko2HnPe20rmcuuvMHNdZFp+4IlGTMF0Ow==",
      "dependencies": {
        "asynckit": "^0.4.0",
        "combined-stream": "^1.0.8",
        "es-set-tostringtag": "^2.1.0",
        "hasown": "^2.0.2",
        "mime-types": "^2.1.12"
      },
      "engines": {
        "node": ">= 6"
      }
    },
    "node_modules/function-bind": {
      "version": "1.1.2",
      "resolved": "https://registry.npmjs.org/function-bind/-/function-bind-1.1.2.tgz",
      "integrity": "sha512-7XHNxH7qX9xG5mIwxkhumTox/MIRNcOgDrxWsMt2pAr23WHp6MrRlN7FBSFpCpr+oVO0F744iUgR82nJMfG2SA==",
      "funding": {
        "url": "https://github.com/sponsors/ljharb"
      }
    },
    "node_modules/get-func-name": {
      "version": "2.0.2",
      "resolved": "https://registry.npmjs.org/get-func-name/-/get-func-name-2.0.2.tgz",
      "integrity": "sha512-8vXOvuE167CtIc3OyItco7N/dpRtBbYOsPsXCz7X/PMnlGjYjSGuZJgM1Y7mmew7BKf9BqvLX2tnOVy1BBUsxQ==",
      "engines": {
        "node": "*"
      }
    },
    "node_modules/get-intrinsic": {
      "version": "1.3.0",
      "resolved": "https://registry.npmjs.org/get-intrinsic/-/get-intrinsic-1.3.0.tgz",
      "integrity": "sha512-9fSjSaos/fRIVIp+xSJlE6lfwhES7LNtKaCBIamHsjr2na1BiABJPo0mOjjz8GJDURarmCPGqaiVg5mfjb98CQ==",
      "dependencies": {
        "call-bind-apply-helpers": "^1.0.2",
        "es-define-property": "^1.0.1",
        "es-errors": "^1.3.0",
        "es-object-atoms": "^1.1.1",
        "function-bind": "^1.1.2",
        "get-proto": "^1.0.1",
        "gopd": "^1.2.0",
        "has-symbols": "^1.1.0",
        "hasown": "^2.0.2",
        "math-intrinsics": "^1.1.0"
      },
      "engines": {
        "node": ">= 0.4"
      },
      "funding": {
        "url": "https://github.com/sponsors/ljharb"
      }
    },
    "node_modules/get-proto": {
      "version": "1.0.1",
      "resolved": "https://registry.npmjs.org/get-proto/-/get-proto-1.0.1.tgz",
      "integrity": "sha512-sTSfBjoXBp89JvIKIefqw7U2CCebsc74kiY6awiGogKtoSGbgjYE/G/+l9sF3MWFPNc9IcoOC4ODfKHfxFmp0g==",
      "dependencies": {
        "dunder-proto": "^1.0.1",
        "es-object-atoms": "^1.0.0"
      },
      "engines": {
        "node": ">= 0.4"
      }
    },
    "node_modules/gopd": {
      "version": "1.2.0",
      "resolved": "https://registry.npmjs.org/gopd/-/gopd-1.2.0.tgz",
      "integrity": "sha512-ZUKRh6/kUFoAiTAtTYPZJ3hw9wNxx+BIBOijnlG9PnrJsCcSjs1wyyD6vJpaYtgnzDrKYRSqf3OO6Rfa93xsRg==",
      "engines": {
        "node": ">= 0.4"
      },
      "funding": {
        "url": "https://github.com/sponsors/ljharb"
      }
    },
    "node_modules/has-symbols": {
      "version": "1.1.0",
      "resolved": "https://registry.npmjs.org/has-symbols/-/has-symbols-1.1.0.tgz",
      "integrity": "sha512-1cDNdwJ2Jaohmb3sg4OmKaMBwuC48sYni5HUw2DvsC8LjGTLK9h+eb1X6RyuOHe4hT0ULCW68iomhjUoKUqlPQ==",
      "engines": {
        "node": ">= 0.4"
      },
      "funding": {
        "url": "https://github.com/sponsors/ljharb"
      }
    },
    "node_modules/has-tostringtag": {
      "version": "1.0.2",
      "resolved": "https://registry.npmjs.org/has-tostringtag/-/has-tostringtag-1.0.2.tgz",
      "integrity": "sha512-NqADB8VjPFLM2V0VvHUewwwsw0ZWBaIdgo+ieHtK3hasLz4qeCRjYcqfB6AQrBggRKppKF8L52/VqdVsO47Dlw==",
      "dependencies": {
        "has-symbols": "^1.0.3"
      },
      "engines": {
        "node": ">= 0.4"
      },
      "funding": {
        "url": "https://github.com/sponsors/ljharb"
      }
    },
    "node_modules/hasown": {
      "version": "2.0.2",
      "resolved": "https://registry.npmjs.org/hasown/-/hasown-2.0.2.tgz",
      "integrity": "sha512-0hJU9SCPvmMzIBdZFqNPXWa6dqh7WdH0cII9y+CyS8rG3nL48Bclra9HmKhVVUHyPWNH5Y7xDwAB7bfgSjkUMQ==",
      "dependencies": {
        "function-bind": "^1.1.2"
      },
      "engines": {
        "node": ">= 0.4"
      }
    },
    "node_modules/loglevel": {
      "version": "1.8.1",
      "resolved": "https://registry.npmjs.org/loglevel/-/loglevel-1.8.1.tgz",
      "integrity": "sha512-tCRIJM51SHjAayKwC+QAg8hT8vg6z7GSgLJKGvzuPb1Wc+hLzqtuVLxp6/HzSPOozuK+8ErAhy7U/sVzw8Dgfg==",
      "engines": {
        "node": ">= 0.6.0"
      },
      "funding": {
        "type": "tidelift",
        "url": "https://tidelift.com/funding/github/npm/loglevel"
      }
    },
    "node_modules/loupe": {
      "version": "2.3.7",
      "resolved": "https://registry.npmjs.org/loupe/-/loupe-2.3.7.tgz",
      "integrity": "sha512-zSMINGVYkdpYSOBmLi0D1Uo7JU9nVdQKrHxC8eYlV+9YKK9WePqAlL7lSlorG/U2Fw1w0hTBmaa/jrQ3UbPHtA==",
      "dependencies": {
        "get-func-name": "^2.0.1"
      }
    },
    "node_modules/math-intrinsics": {
      "version": "1.1.0",
      "resolved": "https://registry.npmjs.org/math-intrinsics/-/math-intrinsics-1.1.0.tgz",
      "integrity": "sha512-/IXtbwEk5HTPyEwyKX6hGkYXxM9nbj64B+ilVJnC/R6B0pH5G4V3b0pVbL7DBj4tkhBAppbQUlf6F6Xl9LHu1g==",
      "engines": {
        "node": ">= 0.4"
      }
    },
    "node_modules/mime-db": {
      "version": "1.52.0",
      "resolved": "https://registry.npmjs.org/mime-db/-/mime-db-1.52.0.tgz",
      "integrity": "sha512-sPU4uV7dYlvtWJxwwxHD0PuihVNiE7TyAbQ5SWxDCB9mUYvOgroQOwYQQOKPJ8CIbE+1ETVlOoK1UC2nU3gYvg==",
      "engines": {
        "node": ">= 0.6"
      }
    },
    "node_modules/mime-types": {
      "version": "2.1.35",
      "resolved": "https://registry.npmjs.org/mime-types/-/mime-types-2.1.35.tgz",
      "integrity": "sha512-ZDY+bPm5zTTF+YpCrAU9nK0UgICYPT0QtT1NZWFv4s++TNkcgVaT0g6+4R2uI4MjQjzysHB1zxuWL50hzaeXiw==",
      "dependencies": {
        "mime-db": "1.52.0"
      },
      "engines": {
        "node": ">= 0.6"
      }
    },
    "node_modules/pathval": {
      "version": "1.1.1",
      "resolved": "https://registry.npmjs.org/pathval/-/pathval-1.1.1.tgz",
      "integrity": "sha512-Dp6zGqpTdETdR63lehJYPeIOqpiNBNtc7BpWSLrOje7UaIsE5aY92r/AunQA7rsXvet3lrJ3JnZX29UPTKXyKQ==",
      "engines": {
        "node": "*"
      }
    },
    "node_modules/prettier": {
      "version": "2.8.8",
      "resolved": "https://registry.npmjs.org/prettier/-/prettier-2.8.8.tgz",
      "integrity": "sha512-tdN8qQGvNjw4CHbY+XXk0JgCXn9QiF21a55rBe5LJAU+kDyC4WQn4+awm2Xfk2lQMk5fKup9XgzTZtGkjBdP9Q==",
      "bin": {
        "prettier": "bin-prettier.js"
      },
      "engines": {
        "node": ">=10.13.0"
      },
      "funding": {
        "url": "https://github.com/prettier/prettier?sponsor=1"
      }
    },
    "node_modules/rxjs": {
      "version": "7.8.2",
      "resolved": "https://registry.npmjs.org/rxjs/-/rxjs-7.8.2.tgz",
      "integrity": "sha512-dhKf903U/PQZY6boNNtAGdWbG85WAbjT/1xYoZIC7FAY0yWapOBQVsVrDl58W86//e1VpMNBtRV4MaXfdMySFA==",
      "dependencies": {
        "tslib": "^2.1.0"
      }
    },
    "node_modules/tslib": {
      "version": "2.8.1",
      "resolved": "https://registry.npmjs.org/tslib/-/tslib-2.8.1.tgz",
      "integrity": "sha512-oJFu94HQb+KVduSUQL7wnpmqnfmLsOA/nAh6b6EH0wCEoK0/mPeXU6c3wKDV83MkOuHPRHtSXKKU99IBazS/2w=="
    },
    "node_modules/tweetnacl": {
      "version": "1.0.3",
      "resolved": "https://registry.npmjs.org/tweetnacl/-/tweetnacl-1.0.3.tgz",
      "integrity": "sha512-6rt+RN7aOi1nGMyC4Xa5DdYiukl2UWCbcJft7YhxReBGQD7OAM8Pbxw6YMo4r2diNEA8FEmu32YOn9rhaiE5yw=="
    },
    "node_modules/type-detect": {
      "version": "4.1.0",
      "resolved": "https://registry.npmjs.org/type-detect/-/type-detect-4.1.0.tgz",
      "integrity": "sha512-Acylog8/luQ8L7il+geoSxhEkazvkslg7PSNKOX59mbB9cOveP5aq9h74Y7YU8yDpJwetzQQrfIwtf4Wp4LKcw==",
      "engines": {
        "node": ">=4"
      }
    },
    "node_modules/undici-types": {
      "version": "7.16.0",
      "resolved": "https://registry.npmjs.org/undici-types/-/undici-types-7.16.0.tgz",
      "integrity": "sha512-Zz+aZWSj8LE6zoxD+xrjh4VfkIG8Ya6LvYkZqtUQGJPZjYl53ypCaUwWqo7eI0x66KBGeRo+mlBEkMSeSZ38Nw=="
    },
    "node_modules/uuid": {
      "version": "8.3.2",
      "resolved": "https://registry.npmjs.org/uuid/-/uuid-8.3.2.tgz",
      "integrity": "sha512-+NYs2QeMWy+GWFOEm9xnn6HCDp0l7QBD7ml8zLUmJ+93Q5NF0NocErnwkTkXVFNiX3/fpC6afS8Dhb/gz7R7eg==",
      "bin": {
        "uuid": "dist/bin/uuid"
      }
    }
  }
}
